// !$*UTF8*$!
{
	archiveVersion = 1;
	classes = {
	};
	objectVersion = 77;
	objects = {

/* Begin PBXBuildFile section */
		A10000000000000000000001 /* MachKitApp.swift in Sources */ = {isa = PBXBuildFile; fileRef = A20000000000000000000001 /* MachKitApp.swift */; };
		A10000000000000000000002 /* ContentView.swift in Sources */ = {isa = PBXBuildFile; fileRef = A20000000000000000000002 /* ContentView.swift */; };
		A10000000000000000000003 /* CleanerViewModel.swift in Sources */ = {isa = PBXBuildFile; fileRef = A20000000000000000000003 /* CleanerViewModel.swift */; };
		A10000000000000000000004 /* PerformanceMonitor.swift in Sources */ = {isa = PBXBuildFile; fileRef = A20000000000000000000004 /* PerformanceMonitor.swift */; };
		A10000000000000000000005 /* PermissionManager.swift in Sources */ = {isa = PBXBuildFile; fileRef = A20000000000000000000005 /* PermissionManager.swift */; };
		A10000000000000000000006 /* Assets.xcassets in Resources */ = {isa = PBXBuildFile; fileRef = A20000000000000000000008 /* Assets.xcassets */; };
		A10000000000000000000007 /* MachKitCore in Frameworks */ = {isa = PBXBuildFile; productRef = A90000000000000000000001 /* MachKitCore */; };
		A10000000000000000000008 /* ProductBoundaryTests.swift in Sources */ = {isa = PBXBuildFile; fileRef = A2000000000000000000000A /* ProductBoundaryTests.swift */; };
		A10000000000000000000009 /* SafetyPolicyTests.swift in Sources */ = {isa = PBXBuildFile; fileRef = A2000000000000000000000B /* SafetyPolicyTests.swift */; };
		A1000000000000000000000A /* MachKitCore in Frameworks */ = {isa = PBXBuildFile; productRef = A90000000000000000000002 /* MachKitCore */; };
		A1000000000000000000000B /* FeatureMode.swift in Sources */ = {isa = PBXBuildFile; fileRef = A2000000000000000000000D /* FeatureMode.swift */; };
		A1000000000000000000000C /* Localization.swift in Sources */ = {isa = PBXBuildFile; fileRef = A2000000000000000000000E /* Localization.swift */; };
		A1000000000000000000000D /* Localizable.xcstrings in Resources */ = {isa = PBXBuildFile; fileRef = A2000000000000000000000F /* Localizable.xcstrings */; };
		A1000000000000000000000E /* InfoPlist.xcstrings in Resources */ = {isa = PBXBuildFile; fileRef = A20000000000000000000010 /* InfoPlist.xcstrings */; };
		A1000000000000000000000F /* AppSettings.swift in Sources */ = {isa = PBXBuildFile; fileRef = A20000000000000000000011 /* AppSettings.swift */; };
		A10000000000000000000010 /* OperationResultView.swift in Sources */ = {isa = PBXBuildFile; fileRef = A20000000000000000000012 /* OperationResultView.swift */; };
		A10000000000000000000013 /* AppPreferences.swift in Sources */ = {isa = PBXBuildFile; fileRef = A20000000000000000000015 /* AppPreferences.swift */; };
		A10000000000000000000014 /* FeatureModels.swift in Sources */ = {isa = PBXBuildFile; fileRef = A20000000000000000000016 /* FeatureModels.swift */; };
		A10000000000000000000015 /* StatusBar.swift in Sources */ = {isa = PBXBuildFile; fileRef = A20000000000000000000017 /* StatusBar.swift */; };
		A10000000000000000000016 /* SystemMonitorService.swift in Sources */ = {isa = PBXBuildFile; fileRef = D20000000000000000000001 /* SystemMonitorService.swift */; };
		A1000000000000000000001C /* HostsWebBridge.swift in Sources */ = {isa = PBXBuildFile; fileRef = A20000000000000000000024 /* HostsWebBridge.swift */; };
		A1000000000000000000001D /* ConnectionTraceWebBridge.swift in Sources */ = {isa = PBXBuildFile; fileRef = A20000000000000000000025 /* ConnectionTraceWebBridge.swift */; };
		A1000000000000000000001E /* PortScanWebBridge.swift in Sources */ = {isa = PBXBuildFile; fileRef = A20000000000000000000026 /* PortScanWebBridge.swift */; };
		A1000000000000000000001F /* CurlLabWebBridge.swift in Sources */ = {isa = PBXBuildFile; fileRef = A20000000000000000000027 /* CurlLabWebBridge.swift */; };
		A10000000000000000000020 /* ScreenshotAction.swift in Sources */ = {isa = PBXBuildFile; fileRef = A20000000000000000000028 /* ScreenshotAction.swift */; };
		A10000000000000000000021 /* ScreenshotCapture.swift in Sources */ = {isa = PBXBuildFile; fileRef = A20000000000000000000029 /* ScreenshotCapture.swift */; };
		A10000000000000000000022 /* ScreenshotSelectionSession.swift in Sources */ = {isa = PBXBuildFile; fileRef = A2000000000000000000002A /* ScreenshotSelectionSession.swift */; };
		A10000000000000000000023 /* ScreenshotController.swift in Sources */ = {isa = PBXBuildFile; fileRef = A2000000000000000000002B /* ScreenshotController.swift */; };
		A10000000000000000000024 /* ScreenshotEditorController.swift in Sources */ = {isa = PBXBuildFile; fileRef = A2000000000000000000002C /* ScreenshotEditorController.swift */; };
		A10000000000000000000025 /* ScreenshotInk.swift in Sources */ = {isa = PBXBuildFile; fileRef = A2000000000000000000002D /* ScreenshotInk.swift */; };
		A10000000000000000000026 /* ScreenshotStroke.swift in Sources */ = {isa = PBXBuildFile; fileRef = A2000000000000000000002E /* ScreenshotStroke.swift */; };
		A10000000000000000000027 /* ScreenshotStrokeRenderer.swift in Sources */ = {isa = PBXBuildFile; fileRef = A2000000000000000000002F /* ScreenshotStrokeRenderer.swift */; };
		A10000000000000000000028 /* ScreenshotEditorModel.swift in Sources */ = {isa = PBXBuildFile; fileRef = A20000000000000000000030 /* ScreenshotEditorModel.swift */; };
		A10000000000000000000029 /* ScreenshotAnnotatorView.swift in Sources */ = {isa = PBXBuildFile; fileRef = A20000000000000000000031 /* ScreenshotAnnotatorView.swift */; };
		B10000000000000000000001 /* HostsManagerTests.swift in Sources */ = {isa = PBXBuildFile; fileRef = B20000000000000000000001 /* HostsManagerTests.swift */; };
		B10000000000000000000002 /* ConnectionTraceTests.swift in Sources */ = {isa = PBXBuildFile; fileRef = B20000000000000000000002 /* ConnectionTraceTests.swift */; };
		B10000000000000000000003 /* CurlLabRunnerTests.swift in Sources */ = {isa = PBXBuildFile; fileRef = B20000000000000000000003 /* CurlLabRunnerTests.swift */; };
		B10000000000000000000004 /* TCPPortScanTests.swift in Sources */ = {isa = PBXBuildFile; fileRef = B20000000000000000000004 /* TCPPortScanTests.swift */; };
		B10000000000000000000005 /* PrivilegedCommandRunnerTests.swift in Sources */ = {isa = PBXBuildFile; fileRef = B20000000000000000000005 /* PrivilegedCommandRunnerTests.swift */; };
		C10000000000000000000001 /* AppSnapshotStore.swift in Sources */ = {isa = PBXBuildFile; fileRef = C20000000000000000000001 /* AppSnapshotStore.swift */; };
		C10000000000000000000002 /* ContentViewSoftware.swift in Sources */ = {isa = PBXBuildFile; fileRef = C20000000000000000000002 /* ContentViewSoftware.swift */; };
		C10000000000000000000003 /* ContentViewNetwork.swift in Sources */ = {isa = PBXBuildFile; fileRef = C20000000000000000000003 /* ContentViewNetwork.swift */; };
		C10000000000000000000004 /* ContentViewStorage.swift in Sources */ = {isa = PBXBuildFile; fileRef = C20000000000000000000004 /* ContentViewStorage.swift */; };
		A10000000000000000000017 /* ToolsView.swift in Sources */ = {isa = PBXBuildFile; fileRef = A20000000000000000000019 /* ToolsView.swift */; };
		A10000000000000000000019 /* DeveloperTools.swift in Sources */ = {isa = PBXBuildFile; fileRef = A20000000000000000000021 /* DeveloperTools.swift */; };
		A1000000000000000000001A /* WebToolView.swift in Sources */ = {isa = PBXBuildFile; fileRef = A20000000000000000000022 /* WebToolView.swift */; };
		A1000000000000000000001B /* WebTools in Resources */ = {isa = PBXBuildFile; fileRef = A20000000000000000000023 /* WebTools */; };
/* End PBXBuildFile section */

/* Begin PBXFileReference section */
		A20000000000000000000001 /* MachKitApp.swift */ = {isa = PBXFileReference; lastKnownFileType = sourcecode.swift; path = MachKitApp.swift; sourceTree = "<group>"; };
		A20000000000000000000002 /* ContentView.swift */ = {isa = PBXFileReference; lastKnownFileType = sourcecode.swift; path = ContentView.swift; sourceTree = "<group>"; };
		A20000000000000000000003 /* CleanerViewModel.swift */ = {isa = PBXFileReference; lastKnownFileType = sourcecode.swift; path = CleanerViewModel.swift; sourceTree = "<group>"; };
		A20000000000000000000004 /* PerformanceMonitor.swift */ = {isa = PBXFileReference; lastKnownFileType = sourcecode.swift; path = PerformanceMonitor.swift; sourceTree = "<group>"; };
		A20000000000000000000005 /* PermissionManager.swift */ = {isa = PBXFileReference; lastKnownFileType = sourcecode.swift; path = PermissionManager.swift; sourceTree = "<group>"; };
		A20000000000000000000006 /* Info.plist */ = {isa = PBXFileReference; lastKnownFileType = text.plist.xml; path = Info.plist; sourceTree = "<group>"; };
		A20000000000000000000007 /* MachKit.entitlements */ = {isa = PBXFileReference; lastKnownFileType = text.plist.entitlements; path = MachKit.entitlements; sourceTree = "<group>"; };
		A20000000000000000000008 /* Assets.xcassets */ = {isa = PBXFileReference; lastKnownFileType = folder.assetcatalog; path = Assets.xcassets; sourceTree = "<group>"; };
		A20000000000000000000009 /* MachKit.app */ = {isa = PBXFileReference; explicitFileType = wrapper.application; includeInIndex = 0; path = MachKit.app; sourceTree = BUILT_PRODUCTS_DIR; };
		A2000000000000000000000A /* ProductBoundaryTests.swift */ = {isa = PBXFileReference; lastKnownFileType = sourcecode.swift; path = ProductBoundaryTests.swift; sourceTree = "<group>"; };
		A2000000000000000000000B /* SafetyPolicyTests.swift */ = {isa = PBXFileReference; lastKnownFileType = sourcecode.swift; path = SafetyPolicyTests.swift; sourceTree = "<group>"; };
		A2000000000000000000000C /* MachKitCoreTests.xctest */ = {isa = PBXFileReference; explicitFileType = wrapper.cfbundle; includeInIndex = 0; path = MachKitCoreTests.xctest; sourceTree = BUILT_PRODUCTS_DIR; };
		A2000000000000000000000D /* FeatureMode.swift */ = {isa = PBXFileReference; lastKnownFileType = sourcecode.swift; path = FeatureMode.swift; sourceTree = "<group>"; };
		A2000000000000000000000E /* Localization.swift */ = {isa = PBXFileReference; lastKnownFileType = sourcecode.swift; path = Localization.swift; sourceTree = "<group>"; };
		A2000000000000000000000F /* Localizable.xcstrings */ = {isa = PBXFileReference; lastKnownFileType = text.json.xcstrings; path = Localizable.xcstrings; sourceTree = "<group>"; };
		A20000000000000000000010 /* InfoPlist.xcstrings */ = {isa = PBXFileReference; lastKnownFileType = text.json.xcstrings; path = InfoPlist.xcstrings; sourceTree = "<group>"; };
		A20000000000000000000011 /* AppSettings.swift */ = {isa = PBXFileReference; lastKnownFileType = sourcecode.swift; path = AppSettings.swift; sourceTree = "<group>"; };
		A20000000000000000000012 /* OperationResultView.swift */ = {isa = PBXFileReference; lastKnownFileType = sourcecode.swift; path = OperationResultView.swift; sourceTree = "<group>"; };
		A20000000000000000000015 /* AppPreferences.swift */ = {isa = PBXFileReference; lastKnownFileType = sourcecode.swift; path = AppPreferences.swift; sourceTree = "<group>"; };
		A20000000000000000000016 /* FeatureModels.swift */ = {isa = PBXFileReference; lastKnownFileType = sourcecode.swift; path = FeatureModels.swift; sourceTree = "<group>"; };
		D20000000000000000000001 /* SystemMonitorService.swift */ = {isa = PBXFileReference; lastKnownFileType = sourcecode.swift; path = SystemMonitorService.swift; sourceTree = "<group>"; };
		A20000000000000000000017 /* StatusBar.swift */ = {isa = PBXFileReference; lastKnownFileType = sourcecode.swift; path = StatusBar.swift; sourceTree = "<group>"; };
		A20000000000000000000024 /* HostsWebBridge.swift */ = {isa = PBXFileReference; lastKnownFileType = sourcecode.swift; path = HostsWebBridge.swift; sourceTree = "<group>"; };
		A20000000000000000000025 /* ConnectionTraceWebBridge.swift */ = {isa = PBXFileReference; lastKnownFileType = sourcecode.swift; path = ConnectionTraceWebBridge.swift; sourceTree = "<group>"; };
		A20000000000000000000026 /* PortScanWebBridge.swift */ = {isa = PBXFileReference; lastKnownFileType = sourcecode.swift; path = PortScanWebBridge.swift; sourceTree = "<group>"; };
		A20000000000000000000027 /* CurlLabWebBridge.swift */ = {isa = PBXFileReference; lastKnownFileType = sourcecode.swift; path = CurlLabWebBridge.swift; sourceTree = "<group>"; };
		A20000000000000000000028 /* ScreenshotAction.swift */ = {isa = PBXFileReference; lastKnownFileType = sourcecode.swift; path = ScreenshotAction.swift; sourceTree = "<group>"; };
		A20000000000000000000029 /* ScreenshotCapture.swift */ = {isa = PBXFileReference; lastKnownFileType = sourcecode.swift; path = ScreenshotCapture.swift; sourceTree = "<group>"; };
		A2000000000000000000002A /* ScreenshotSelectionSession.swift */ = {isa = PBXFileReference; lastKnownFileType = sourcecode.swift; path = ScreenshotSelectionSession.swift; sourceTree = "<group>"; };
		A2000000000000000000002B /* ScreenshotController.swift */ = {isa = PBXFileReference; lastKnownFileType = sourcecode.swift; path = ScreenshotController.swift; sourceTree = "<group>"; };
		A2000000000000000000002C /* ScreenshotEditorController.swift */ = {isa = PBXFileReference; lastKnownFileType = sourcecode.swift; path = ScreenshotEditorController.swift; sourceTree = "<group>"; };
		A2000000000000000000002D /* ScreenshotInk.swift */ = {isa = PBXFileReference; lastKnownFileType = sourcecode.swift; path = ScreenshotInk.swift; sourceTree = "<group>"; };
		A2000000000000000000002E /* ScreenshotStroke.swift */ = {isa = PBXFileReference; lastKnownFileType = sourcecode.swift; path = ScreenshotStroke.swift; sourceTree = "<group>"; };
		A2000000000000000000002F /* ScreenshotStrokeRenderer.swift */ = {isa = PBXFileReference; lastKnownFileType = sourcecode.swift; path = ScreenshotStrokeRenderer.swift; sourceTree = "<group>"; };
		A20000000000000000000030 /* ScreenshotEditorModel.swift */ = {isa = PBXFileReference; lastKnownFileType = sourcecode.swift; path = ScreenshotEditorModel.swift; sourceTree = "<group>"; };
		A20000000000000000000031 /* ScreenshotAnnotatorView.swift */ = {isa = PBXFileReference; lastKnownFileType = sourcecode.swift; path = ScreenshotAnnotatorView.swift; sourceTree = "<group>"; };
		B20000000000000000000001 /* HostsManagerTests.swift */ = {isa = PBXFileReference; lastKnownFileType = sourcecode.swift; path = HostsManagerTests.swift; sourceTree = "<group>"; };
		B20000000000000000000002 /* ConnectionTraceTests.swift */ = {isa = PBXFileReference; lastKnownFileType = sourcecode.swift; path = ConnectionTraceTests.swift; sourceTree = "<group>"; };
		B20000000000000000000003 /* CurlLabRunnerTests.swift */ = {isa = PBXFileReference; lastKnownFileType = sourcecode.swift; path = CurlLabRunnerTests.swift; sourceTree = "<group>"; };
		B20000000000000000000004 /* TCPPortScanTests.swift */ = {isa = PBXFileReference; lastKnownFileType = sourcecode.swift; path = TCPPortScanTests.swift; sourceTree = "<group>"; };
		B20000000000000000000005 /* PrivilegedCommandRunnerTests.swift */ = {isa = PBXFileReference; lastKnownFileType = sourcecode.swift; path = PrivilegedCommandRunnerTests.swift; sourceTree = "<group>"; };
		C20000000000000000000001 /* AppSnapshotStore.swift */ = {isa = PBXFileReference; lastKnownFileType = sourcecode.swift; path = AppSnapshotStore.swift; sourceTree = "<group>"; };
		C20000000000000000000002 /* ContentViewSoftware.swift */ = {isa = PBXFileReference; lastKnownFileType = sourcecode.swift; path = ContentViewSoftware.swift; sourceTree = "<group>"; };
		C20000000000000000000003 /* ContentViewNetwork.swift */ = {isa = PBXFileReference; lastKnownFileType = sourcecode.swift; path = ContentViewNetwork.swift; sourceTree = "<group>"; };
		C20000000000000000000004 /* ContentViewStorage.swift */ = {isa = PBXFileReference; lastKnownFileType = sourcecode.swift; path = ContentViewStorage.swift; sourceTree = "<group>"; };
		A20000000000000000000019 /* ToolsView.swift */ = {isa = PBXFileReference; lastKnownFileType = sourcecode.swift; path = ToolsView.swift; sourceTree = "<group>"; };
		A20000000000000000000021 /* DeveloperTools.swift */ = {isa = PBXFileReference; lastKnownFileType = sourcecode.swift; path = DeveloperTools.swift; sourceTree = "<group>"; };
		A20000000000000000000022 /* WebToolView.swift */ = {isa = PBXFileReference; lastKnownFileType = sourcecode.swift; path = WebToolView.swift; sourceTree = "<group>"; };
		A20000000000000000000023 /* WebTools */ = {isa = PBXFileReference; lastKnownFileType = folder; path = WebTools; sourceTree = "<group>"; };
/* End PBXFileReference section */

/* Begin PBXFrameworksBuildPhase section */
		A30000000000000000000001 /* Frameworks */ = {
			isa = PBXFrameworksBuildPhase;
			buildActionMask = 2147483647;
			files = (
				A10000000000000000000007 /* MachKitCore in Frameworks */,
			);
			runOnlyForDeploymentPostprocessing = 0;
		};
		A30000000000000000000004 /* Frameworks */ = {
			isa = PBXFrameworksBuildPhase;
			buildActionMask = 2147483647;
			files = (
				A1000000000000000000000A /* MachKitCore in Frameworks */,
			);
			runOnlyForDeploymentPostprocessing = 0;
		};
/* End PBXFrameworksBuildPhase section */

/* Begin PBXGroup section */
		A40000000000000000000001 = {
			isa = PBXGroup;
			children = (
				A40000000000000000000002 /* App */,
				A40000000000000000000003 /* Sources */,
				A40000000000000000000004 /* Resources */,
				A40000000000000000000006 /* Tests */,
				A40000000000000000000005 /* Products */,
			);
			sourceTree = "<group>";
		};
		A40000000000000000000002 /* App */ = {
			isa = PBXGroup;
			children = (
				A20000000000000000000006 /* Info.plist */,
				A20000000000000000000007 /* MachKit.entitlements */,
			);
			path = App;
			sourceTree = "<group>";
		};
		A40000000000000000000003 /* Sources */ = {
			isa = PBXGroup;
			children = (
				A20000000000000000000001 /* MachKitApp.swift */,
				A20000000000000000000002 /* ContentView.swift */,
				C20000000000000000000002 /* ContentViewSoftware.swift */,
				C20000000000000000000003 /* ContentViewNetwork.swift */,
				C20000000000000000000004 /* ContentViewStorage.swift */,
				A20000000000000000000003 /* CleanerViewModel.swift */,
				C20000000000000000000001 /* AppSnapshotStore.swift */,
				A20000000000000000000004 /* PerformanceMonitor.swift */,
				D20000000000000000000001 /* SystemMonitorService.swift */,
				A20000000000000000000005 /* PermissionManager.swift */,
				A2000000000000000000000D /* FeatureMode.swift */,
				A2000000000000000000000E /* Localization.swift */,
				A20000000000000000000011 /* AppSettings.swift */,
				A20000000000000000000012 /* OperationResultView.swift */,
				A20000000000000000000015 /* AppPreferences.swift */,
				A20000000000000000000016 /* FeatureModels.swift */,
				A20000000000000000000017 /* StatusBar.swift */,
				A20000000000000000000019 /* ToolsView.swift */,
				A40000000000000000000008 /* Screenshot */,
				A40000000000000000000007 /* WebView */,
			);
			path = App/Sources;
			sourceTree = "<group>";
		};
		A40000000000000000000008 /* Screenshot */ = {
			isa = PBXGroup;
			children = (
				A20000000000000000000028 /* ScreenshotAction.swift */,
				A20000000000000000000029 /* ScreenshotCapture.swift */,
				A2000000000000000000002A /* ScreenshotSelectionSession.swift */,
				A2000000000000000000002B /* ScreenshotController.swift */,
				A2000000000000000000002D /* ScreenshotInk.swift */,
				A2000000000000000000002E /* ScreenshotStroke.swift */,
				A2000000000000000000002F /* ScreenshotStrokeRenderer.swift */,
				A20000000000000000000030 /* ScreenshotEditorModel.swift */,
				A20000000000000000000031 /* ScreenshotAnnotatorView.swift */,
				A2000000000000000000002C /* ScreenshotEditorController.swift */,
			);
			path = Screenshot;
			sourceTree = "<group>";
		};
		A40000000000000000000007 /* WebView */ = {
			isa = PBXGroup;
			children = (
				A20000000000000000000021 /* DeveloperTools.swift */,
				A20000000000000000000022 /* WebToolView.swift */,
				A20000000000000000000024 /* HostsWebBridge.swift */,
				A20000000000000000000025 /* ConnectionTraceWebBridge.swift */,
				A20000000000000000000026 /* PortScanWebBridge.swift */,
				A20000000000000000000027 /* CurlLabWebBridge.swift */,
			);
			path = WebView;
			sourceTree = "<group>";
		};
		A40000000000000000000004 /* Resources */ = {
			isa = PBXGroup;
			children = (
				A20000000000000000000008 /* Assets.xcassets */,
				A2000000000000000000000F /* Localizable.xcstrings */,
				A20000000000000000000010 /* InfoPlist.xcstrings */,
				A20000000000000000000023 /* WebTools */,
			);
			path = Resources;
			sourceTree = "<group>";
		};
		A40000000000000000000005 /* Products */ = {
			isa = PBXGroup;
			children = (
				A20000000000000000000009 /* MachKit.app */,
				A2000000000000000000000C /* MachKitCoreTests.xctest */,
			);
			name = Products;
			sourceTree = "<group>";
		};
		A40000000000000000000006 /* Tests */ = {
			isa = PBXGroup;
			children = (
				A2000000000000000000000A /* ProductBoundaryTests.swift */,
				A2000000000000000000000B /* SafetyPolicyTests.swift */,
				B20000000000000000000001 /* HostsManagerTests.swift */,
				B20000000000000000000002 /* ConnectionTraceTests.swift */,
				B20000000000000000000003 /* CurlLabRunnerTests.swift */,
				B20000000000000000000004 /* TCPPortScanTests.swift */,
				B20000000000000000000005 /* PrivilegedCommandRunnerTests.swift */,
			);
			path = Tests/MachKitCoreTests;
			sourceTree = "<group>";
		};
/* End PBXGroup section */

/* Begin PBXNativeTarget section */
		A50000000000000000000001 /* MachKit App */ = {
			isa = PBXNativeTarget;
			buildConfigurationList = A70000000000000000000002 /* Build configuration list for PBXNativeTarget "MachKit App" */;
			buildPhases = (
				A30000000000000000000006 /* Build H5 Tools */,
				A30000000000000000000002 /* Sources */,
				A30000000000000000000001 /* Frameworks */,
				A30000000000000000000003 /* Resources */,
			);
			buildRules = (
			);
			dependencies = (
			);
			name = "MachKit App";
			packageProductDependencies = (
				A90000000000000000000001 /* MachKitCore */,
				A90000000000000000000003 /* SoCMetrics */,
			);
			productName = MachKit;
			productReference = A20000000000000000000009 /* MachKit.app */;
			productType = "com.apple.product-type.application";
		};
		A50000000000000000000002 /* MachKitCoreTests */ = {
			isa = PBXNativeTarget;
			buildConfigurationList = A70000000000000000000003 /* Build configuration list for PBXNativeTarget "MachKitCoreTests" */;
			buildPhases = (
				A30000000000000000000005 /* Sources */,
				A30000000000000000000004 /* Frameworks */,
			);
			buildRules = (
			);
			dependencies = (
			);
			name = MachKitCoreTests;
			packageProductDependencies = (
				A90000000000000000000002 /* MachKitCore */,
			);
			productName = MachKitCoreTests;
			productReference = A2000000000000000000000C /* MachKitCoreTests.xctest */;
			productType = "com.apple.product-type.bundle.unit-test";
		};
/* End PBXNativeTarget section */

/* Begin PBXProject section */
		A60000000000000000000001 /* Project object */ = {
			isa = PBXProject;
			attributes = {
				BuildIndependentTargetsInParallel = 1;
				LastSwiftUpdateCheck = 2660;
				LastUpgradeCheck = 2660;
				TargetAttributes = {
					A50000000000000000000001 = {
						CreatedOnToolsVersion = 26.0;
					};
					A50000000000000000000002 = {
						CreatedOnToolsVersion = 26.0;
					};
				};
			};
			buildConfigurationList = A70000000000000000000001 /* Build configuration list for PBXProject "MachKit" */;
			compatibilityVersion = "Xcode 16.0";
			developmentRegion = en;
			hasScannedForEncodings = 0;
			knownRegions = (
				en,
				Base,
				"zh-Hans",
				"zh-Hant",
				ja,
				ko,
				es,
				fr,
				de,
				"pt-BR",
				ru,
			);
			mainGroup = A40000000000000000000001;
			minimizedProjectReferenceProxies = 1;
			packageReferences = (
				A80000000000000000000001 /* XCLocalSwiftPackageReference "." */,
				B80000000000000000000001 /* XCRemoteSwiftPackageReference "swift-soc-metrics" */,
			);
			preferredProjectObjectVersion = 77;
			productRefGroup = A40000000000000000000005 /* Products */;
			projectDirPath = "";
			projectRoot = "";
			 targets = (
				A50000000000000000000001 /* MachKit App */,
				A50000000000000000000002 /* MachKitCoreTests */,
			);
		};
/* End PBXProject section */

/* Begin PBXResourcesBuildPhase section */
		A30000000000000000000003 /* Resources */ = {
			isa = PBXResourcesBuildPhase;
			buildActionMask = 2147483647;
			files = (
				A10000000000000000000006 /* Assets.xcassets in Resources */,
				A1000000000000000000000D /* Localizable.xcstrings in Resources */,
				A1000000000000000000000E /* InfoPlist.xcstrings in Resources */,
				A1000000000000000000001B /* WebTools in Resources */,
			);
			runOnlyForDeploymentPostprocessing = 0;
		};
/* End PBXResourcesBuildPhase section */

/* Begin PBXShellScriptBuildPhase section */
		A30000000000000000000006 /* Build H5 Tools */ = {
			isa = PBXShellScriptBuildPhase;
			alwaysOutOfDate = 1;
			buildActionMask = 2147483647;
			files = (
			);
			inputFileListPaths = (
			);
			inputPaths = (
			);
			name = "Build H5 Tools";
			outputFileListPaths = (
			);
			outputPaths = (
			);
			runOnlyForDeploymentPostprocessing = 0;
			shellPath = /bin/sh;
			shellScript = "/bin/sh Scripts/build_web_tools.sh\n";
		};
/* End PBXShellScriptBuildPhase section */

/* Begin PBXSourcesBuildPhase section */
		A30000000000000000000002 /* Sources */ = {
			isa = PBXSourcesBuildPhase;
			buildActionMask = 2147483647;
			files = (
				A10000000000000000000001 /* MachKitApp.swift in Sources */,
				A10000000000000000000002 /* ContentView.swift in Sources */,
				C10000000000000000000002 /* ContentViewSoftware.swift in Sources */,
				C10000000000000000000003 /* ContentViewNetwork.swift in Sources */,
				C10000000000000000000004 /* ContentViewStorage.swift in Sources */,
				A10000000000000000000003 /* CleanerViewModel.swift in Sources */,
				C10000000000000000000001 /* AppSnapshotStore.swift in Sources */,
				A10000000000000000000004 /* PerformanceMonitor.swift in Sources */,
				A10000000000000000000016 /* SystemMonitorService.swift in Sources */,
				A10000000000000000000005 /* PermissionManager.swift in Sources */,
				A1000000000000000000000B /* FeatureMode.swift in Sources */,
				A1000000000000000000000C /* Localization.swift in Sources */,
				A1000000000000000000000F /* AppSettings.swift in Sources */,
				A10000000000000000000010 /* OperationResultView.swift in Sources */,
				A10000000000000000000013 /* AppPreferences.swift in Sources */,
				A10000000000000000000014 /* FeatureModels.swift in Sources */,
				A10000000000000000000015 /* StatusBar.swift in Sources */,
				A1000000000000000000001C /* HostsWebBridge.swift in Sources */,
				A1000000000000000000001D /* ConnectionTraceWebBridge.swift in Sources */,
				A1000000000000000000001E /* PortScanWebBridge.swift in Sources */,
				A1000000000000000000001F /* CurlLabWebBridge.swift in Sources */,
				A10000000000000000000020 /* ScreenshotAction.swift in Sources */,
				A10000000000000000000021 /* ScreenshotCapture.swift in Sources */,
				A10000000000000000000022 /* ScreenshotSelectionSession.swift in Sources */,
				A10000000000000000000023 /* ScreenshotController.swift in Sources */,
				A10000000000000000000025 /* ScreenshotInk.swift in Sources */,
				A10000000000000000000026 /* ScreenshotStroke.swift in Sources */,
				A10000000000000000000027 /* ScreenshotStrokeRenderer.swift in Sources */,
				A10000000000000000000028 /* ScreenshotEditorModel.swift in Sources */,
				A10000000000000000000029 /* ScreenshotAnnotatorView.swift in Sources */,
				A10000000000000000000024 /* ScreenshotEditorController.swift in Sources */,
				A10000000000000000000017 /* ToolsView.swift in Sources */,
				A10000000000000000000019 /* DeveloperTools.swift in Sources */,
				A1000000000000000000001A /* WebToolView.swift in Sources */,
			);
			runOnlyForDeploymentPostprocessing = 0;
		};
		A30000000000000000000005 /* Sources */ = {
			isa = PBXSourcesBuildPhase;
			buildActionMask = 2147483647;
			files = (
				A10000000000000000000008 /* ProductBoundaryTests.swift in Sources */,
				A10000000000000000000009 /* SafetyPolicyTests.swift in Sources */,
				B10000000000000000000001 /* HostsManagerTests.swift in Sources */,
				B10000000000000000000002 /* ConnectionTraceTests.swift in Sources */,
				B10000000000000000000003 /* CurlLabRunnerTests.swift in Sources */,
				B10000000000000000000004 /* TCPPortScanTests.swift in Sources */,
				B10000000000000000000005 /* PrivilegedCommandRunnerTests.swift in Sources */,
			);
			runOnlyForDeploymentPostprocessing = 0;
		};
/* End PBXSourcesBuildPhase section */

/* Begin XCBuildConfiguration section */
		A71000000000000000000001 /* Debug */ = {
			isa = XCBuildConfiguration;
			buildSettings = {
				ALWAYS_SEARCH_USER_PATHS = NO;
				CLANG_CXX_LANGUAGE_STANDARD = "gnu++20";
				CLANG_ENABLE_MODULES = YES;
				CLANG_ENABLE_OBJC_ARC = YES;
				COPY_PHASE_STRIP = NO;
				DEBUG_INFORMATION_FORMAT = dwarf;
				ENABLE_TESTABILITY = YES;
				GCC_C_LANGUAGE_STANDARD = gnu17;
				GCC_OPTIMIZATION_LEVEL = 0;
				MACOSX_DEPLOYMENT_TARGET = 14.0;
				ONLY_ACTIVE_ARCH = YES;
				SDKROOT = macosx;
				SWIFT_ACTIVE_COMPILATION_CONDITIONS = "DEBUG $(inherited)";
				SWIFT_OPTIMIZATION_LEVEL = "-Onone";
		};
			name = Debug;
		};
		A71000000000000000000002 /* Release */ = {
			isa = XCBuildConfiguration;
			buildSettings = {
				ALWAYS_SEARCH_USER_PATHS = NO;
				CLANG_CXX_LANGUAGE_STANDARD = "gnu++20";
				CLANG_ENABLE_MODULES = YES;
				CLANG_ENABLE_OBJC_ARC = YES;
				COPY_PHASE_STRIP = NO;
				DEBUG_INFORMATION_FORMAT = "dwarf-with-dsym";
				ENABLE_NS_ASSERTIONS = NO;
				GCC_C_LANGUAGE_STANDARD = gnu17;
				MACOSX_DEPLOYMENT_TARGET = 14.0;
				SDKROOT = macosx;
				SWIFT_COMPILATION_MODE = wholemodule;
		};
			name = Release;
		};
		A72000000000000000000001 /* Debug */ = {
			isa = XCBuildConfiguration;
			buildSettings = {
				ASSETCATALOG_COMPILER_APPICON_NAME = AppIcon;
				CODE_SIGN_ENTITLEMENTS = App/MachKit.entitlements;
				CODE_SIGN_IDENTITY = "Apple Development";
				CODE_SIGN_STYLE = Automatic;
				CURRENT_PROJECT_VERSION = 0;
				DEAD_CODE_STRIPPING = YES;
				DEVELOPMENT_TEAM = 8V6ZAZTB4J;
				ENABLE_APP_SANDBOX = NO;
				ENABLE_HARDENED_RUNTIME = YES;
				GENERATE_INFOPLIST_FILE = NO;
				INFOPLIST_FILE = App/Info.plist;
				LD_RUNPATH_SEARCH_PATHS = (
					"$(inherited)",
					"@executable_path/../Frameworks",
				);
				MACOSX_DEPLOYMENT_TARGET = 14.0;
				MARKETING_VERSION = dev;
				PRODUCT_BUNDLE_IDENTIFIER = app.machkit.mac;
				PRODUCT_NAME = MachKit;
				SDKROOT = macosx;
				SWIFT_EMIT_LOC_STRINGS = YES;
				SWIFT_VERSION = 6.0;
			};
			name = Debug;
		};
		A72000000000000000000002 /* Release */ = {
			isa = XCBuildConfiguration;
			buildSettings = {
				ASSETCATALOG_COMPILER_APPICON_NAME = AppIcon;
				CODE_SIGN_ENTITLEMENTS = App/MachKit.entitlements;
				CODE_SIGN_IDENTITY = "Apple Development";
				CODE_SIGN_STYLE = Automatic;
				CURRENT_PROJECT_VERSION = 0;
				DEAD_CODE_STRIPPING = YES;
				DEVELOPMENT_TEAM = 8V6ZAZTB4J;
				ENABLE_APP_SANDBOX = NO;
				ENABLE_HARDENED_RUNTIME = YES;
				GENERATE_INFOPLIST_FILE = NO;
				INFOPLIST_FILE = App/Info.plist;
				LD_RUNPATH_SEARCH_PATHS = (
					"$(inherited)",
					"@executable_path/../Frameworks",
				);
				MACOSX_DEPLOYMENT_TARGET = 14.0;
				MARKETING_VERSION = dev;
				PRODUCT_BUNDLE_IDENTIFIER = app.machkit.mac;
				PRODUCT_NAME = MachKit;
				SDKROOT = macosx;
				SWIFT_EMIT_LOC_STRINGS = YES;
				SWIFT_VERSION = 6.0;
			};
			name = Release;
		};
		A73000000000000000000001 /* Debug */ = {
			isa = XCBuildConfiguration;
			buildSettings = {
				CODE_SIGN_IDENTITY = "-";
				CODE_SIGN_STYLE = Manual;
				GENERATE_INFOPLIST_FILE = YES;
				MACOSX_DEPLOYMENT_TARGET = 14.0;
				PRODUCT_BUNDLE_IDENTIFIER = dev.machkit.core-tests;
				PRODUCT_NAME = "$(TARGET_NAME)";
				SDKROOT = macosx;
				SWIFT_VERSION = 6.0;
			};
			name = Debug;
		};
		A73000000000000000000002 /* Release */ = {
			isa = XCBuildConfiguration;
			buildSettings = {
				CODE_SIGN_IDENTITY = "-";
				CODE_SIGN_STYLE = Manual;
				GENERATE_INFOPLIST_FILE = YES;
				MACOSX_DEPLOYMENT_TARGET = 14.0;
				PRODUCT_BUNDLE_IDENTIFIER = dev.machkit.core-tests;
				PRODUCT_NAME = "$(TARGET_NAME)";
				SDKROOT = macosx;
				SWIFT_VERSION = 6.0;
			};
			name = Release;
		};
/* End XCBuildConfiguration section */

/* Begin XCConfigurationList section */
		A70000000000000000000001 /* Build configuration list for PBXProject "MachKit" */ = {
			isa = XCConfigurationList;
			buildConfigurations = (
				A71000000000000000000001 /* Debug */,
				A71000000000000000000002 /* Release */,
			);
			defaultConfigurationIsVisible = 0;
			defaultConfigurationName = Release;
		};
		A70000000000000000000002 /* Build configuration list for PBXNativeTarget "MachKit App" */ = {
			isa = XCConfigurationList;
			buildConfigurations = (
				A72000000000000000000001 /* Debug */,
				A72000000000000000000002 /* Release */,
			);
			defaultConfigurationIsVisible = 0;
			defaultConfigurationName = Release;
		};
		A70000000000000000000003 /* Build configuration list for PBXNativeTarget "MachKitCoreTests" */ = {
			isa = XCConfigurationList;
			buildConfigurations = (
				A73000000000000000000001 /* Debug */,
				A73000000000000000000002 /* Release */,
			);
			defaultConfigurationIsVisible = 0;
			defaultConfigurationName = Release;
		};
/* End XCConfigurationList section */

/* Begin XCRemoteSwiftPackageReference section */
		B80000000000000000000001 /* XCRemoteSwiftPackageReference "swift-soc-metrics" */ = {
			isa = XCRemoteSwiftPackageReference;
			repositoryURL = "https://github.com/GoodOlClint/swift-soc-metrics.git";
			requirement = {
				kind = upToNextMajorVersion;
				minimumVersion = 0.4.0;
			};
		};
/* End XCRemoteSwiftPackageReference section */

/* Begin XCLocalSwiftPackageReference section */
		A80000000000000000000001 /* XCLocalSwiftPackageReference "." */ = {
			isa = XCLocalSwiftPackageReference;
			relativePath = ".";
		};
/* End XCLocalSwiftPackageReference section */

/* Begin XCSwiftPackageProductDependency section */
		A90000000000000000000001 /* MachKitCore */ = {
			isa = XCSwiftPackageProductDependency;
			package = A80000000000000000000001 /* XCLocalSwiftPackageReference "." */;
			productName = MachKitCore;
		};
		A90000000000000000000002 /* MachKitCore */ = {
			isa = XCSwiftPackageProductDependency;
			package = A80000000000000000000001 /* XCLocalSwiftPackageReference "." */;
			productName = MachKitCore;
		};
		A90000000000000000000003 /* SoCMetrics */ = {
			isa = XCSwiftPackageProductDependency;
			package = B80000000000000000000001 /* XCRemoteSwiftPackageReference "swift-soc-metrics" */;
			productName = SoCMetrics;
		};
/* End XCSwiftPackageProductDependency section */
	};
	rootObject = A60000000000000000000001 /* Project object */;
}
